// !$*UTF8*$!
{
	archiveVersion = 1;
	classes = {
	};
	objectVersion = 77;
	objects = {

/* Begin PBXBuildFile section */
		61A1917A2F7930450061850D /* Auth in Frameworks */ = {isa = PBXBuildFile; productRef = 61A191792F7930450061850D /* Auth */; };
		61A1917C2F7930450061850D /* Functions in Frameworks */ = {isa = PBXBuildFile; productRef = 61A1917B2F7930450061850D /* Functions */; };
		61A1917E2F7930450061850D /* PostgREST in Frameworks */ = {isa = PBXBuildFile; productRef = 61A1917D2F7930450061850D /* PostgREST */; };
		61A191802F7930450061850D /* Realtime in Frameworks */ = {isa = PBXBuildFile; productRef = 61A1917F2F7930450061850D /* Realtime */; };
		61A191822F7930450061850D /* Storage in Frameworks */ = {isa = PBXBuildFile; productRef = 61A191812F7930450061850D /* Storage */; };
		61A191842F7930450061850D /* Supabase in Frameworks */ = {isa = PBXBuildFile; productRef = 61A191832F7930450061850D /* Supabase */; };
		61A191862F7930450061850D /* HealthKit.framework in Frameworks */ = {isa = PBXBuildFile; fileRef = 61A191852F7930450061850D /* HealthKit.framework */; };
/* End PBXBuildFile section */

/* Begin PBXContainerItemProxy section */
		61A1913D2F7921AF0061850D /* PBXContainerItemProxy */ = {
			isa = PBXContainerItemProxy;
			containerPortal = 61A191272F7921AE0061850D /* Project object */;
			proxyType = 1;
			remoteGlobalIDString = 61A1912E2F7921AE0061850D;
			remoteInfo = AkFit;
		};
		61A191472F7921AF0061850D /* PBXContainerItemProxy */ = {
			isa = PBXContainerItemProxy;
			containerPortal = 61A191272F7921AE0061850D /* Project object */;
			proxyType = 1;
			remoteGlobalIDString = 61A1912E2F7921AE0061850D;
			remoteInfo = AkFit;
		};
/* End PBXContainerItemProxy section */

/* Begin PBXFileReference section */
		61A1912F2F7921AE0061850D /* AkFit.app */ = {isa = PBXFileReference; explicitFileType = wrapper.application; includeInIndex = 0; path = AkFit.app; sourceTree = BUILT_PRODUCTS_DIR; };
		61A1913C2F7921AF0061850D /* AkFitTests.xctest */ = {isa = PBXFileReference; explicitFileType = wrapper.cfbundle; includeInIndex = 0; path = AkFitTests.xctest; sourceTree = BUILT_PRODUCTS_DIR; };
		61A191462F7921AF0061850D /* AkFitUITests.xctest */ = {isa = PBXFileReference; explicitFileType = wrapper.cfbundle; includeInIndex = 0; path = AkFitUITests.xctest; sourceTree = BUILT_PRODUCTS_DIR; };
		61A191852F7930450061850D /* HealthKit.framework */ = {isa = PBXFileReference; lastKnownFileType = wrapper.framework; name = HealthKit.framework; path = System/Library/Frameworks/HealthKit.framework; sourceTree = SDKROOT; };
/* End PBXFileReference section */

/* Begin PBXFileSystemSynchronizedBuildFileExceptionSet section */
		61A1916F2F792D0A0061850D /* Exceptions for "AkFit" folder in "AkFit" target */ = {
			isa = PBXFileSystemSynchronizedBuildFileExceptionSet;
			membershipExceptions = (
				Info.plist,
			);
			target = 61A1912E2F7921AE0061850D /* AkFit */;
		};
/* End PBXFileSystemSynchronizedBuildFileExceptionSet section */

/* Begin PBXFileSystemSynchronizedRootGroup section */
		61A191312F7921AE0061850D /* AkFit */ = {
			isa = PBXFileSystemSynchronizedRootGroup;
			exceptions = (
				61A1916F2F792D0A0061850D /* Exceptions for "AkFit" folder in "AkFit" target */,
			);
			path = AkFit;
			sourceTree = "<group>";
		};
		61A1913F2F7921AF0061850D /* AkFitTests */ = {
			isa = PBXFileSystemSynchronizedRootGroup;
			path = AkFitTests;
			sourceTree = "<group>";
		};
		61A191492F7921AF0061850D /* AkFitUITests */ = {
			isa = PBXFileSystemSynchronizedRootGroup;
			path = AkFitUITests;
			sourceTree = "<group>";
		};
		61A191672F792A1E0061850D /* Config */ = {
			isa = PBXFileSystemSynchronizedRootGroup;
			path = Config;
			sourceTree = "<group>";
		};
		61A191732F792D8A0061850D /* Services */ = {
			isa = PBXFileSystemSynchronizedRootGroup;
			path = Services;
			sourceTree = "<group>";
		};
/* End PBXFileSystemSynchronizedRootGroup section */

/* Begin PBXFrameworksBuildPhase section */
		61A1912C2F7921AE0061850D /* Frameworks */ = {
			isa = PBXFrameworksBuildPhase;
			buildActionMask = 2147483647;
			files = (
				61A1917E2F7930450061850D /* PostgREST in Frameworks */,
				61A1917C2F7930450061850D /* Functions in Frameworks */,
				61A191842F7930450061850D /* Supabase in Frameworks */,
				61A1917A2F7930450061850D /* Auth in Frameworks */,
				61A191822F7930450061850D /* Storage in Frameworks */,
				61A191802F7930450061850D /* Realtime in Frameworks */,
				61A191862F7930450061850D /* HealthKit.framework in Frameworks */,
			);
			runOnlyForDeploymentPostprocessing = 0;
		};
		61A191392F7921AF0061850D /* Frameworks */ = {
			isa = PBXFrameworksBuildPhase;
			buildActionMask = 2147483647;
			files = (
			);
			runOnlyForDeploymentPostprocessing = 0;
		};
		61A191432F7921AF0061850D /* Frameworks */ = {
			isa = PBXFrameworksBuildPhase;
			buildActionMask = 2147483647;
			files = (
			);
			runOnlyForDeploymentPostprocessing = 0;
		};
/* End PBXFrameworksBuildPhase section */

/* Begin PBXGroup section */
		61A191262F7921AE0061850D = {
			isa = PBXGroup;
			children = (
				61A191732F792D8A0061850D /* Services */,
				61A191672F792A1E0061850D /* Config */,
				61A191312F7921AE0061850D /* AkFit */,
				61A1913F2F7921AF0061850D /* AkFitTests */,
				61A191492F7921AF0061850D /* AkFitUITests */,
				61A191782F7930450061850D /* Frameworks */,
				61A191302F7921AE0061850D /* Products */,
			);
			sourceTree = "<group>";
		};
		61A191302F7921AE0061850D /* Products */ = {
			isa = PBXGroup;
			children = (
				61A1912F2F7921AE0061850D /* AkFit.app */,
				61A1913C2F7921AF0061850D /* AkFitTests.xctest */,
				61A191462F7921AF0061850D /* AkFitUITests.xctest */,
			);
			name = Products;
			sourceTree = "<group>";
		};
		61A191782F7930450061850D /* Frameworks */ = {
			isa = PBXGroup;
			children = (
				61A191852F7930450061850D /* HealthKit.framework */,
			);
			name = Frameworks;
			sourceTree = "<group>";
		};
/* End PBXGroup section */

/* Begin PBXNativeTarget section */
		61A1912E2F7921AE0061850D /* AkFit */ = {
			isa = PBXNativeTarget;
			buildConfigurationList = 61A191502F7921AF0061850D /* Build configuration list for PBXNativeTarget "AkFit" */;
			buildPhases = (
				61A1912B2F7921AE0061850D /* Sources */,
				61A1912C2F7921AE0061850D /* Frameworks */,
				61A1912D2F7921AE0061850D /* Resources */,
			);
			buildRules = (
			);
			dependencies = (
			);
			fileSystemSynchronizedGroups = (
				61A191312F7921AE0061850D /* AkFit */,
				61A191672F792A1E0061850D /* Config */,
				61A191732F792D8A0061850D /* Services */,
			);
			name = AkFit;
			packageProductDependencies = (
				61A191792F7930450061850D /* Auth */,
				61A1917B2F7930450061850D /* Functions */,
				61A1917D2F7930450061850D /* PostgREST */,
				61A1917F2F7930450061850D /* Realtime */,
				61A191812F7930450061850D /* Storage */,
				61A191832F7930450061850D /* Supabase */,
			);
			productName = AkFit;
			productReference = 61A1912F2F7921AE0061850D /* AkFit.app */;
			productType = "com.apple.product-type.application";
		};
		61A1913B2F7921AF0061850D /* AkFitTests */ = {
			isa = PBXNativeTarget;
			buildConfigurationList = 61A191532F7921AF0061850D /* Build configuration list for PBXNativeTarget "AkFitTests" */;
			buildPhases = (
				61A191382F7921AF0061850D /* Sources */,
				61A191392F7921AF0061850D /* Frameworks */,
				61A1913A2F7921AF0061850D /* Resources */,
			);
			buildRules = (
			);
			dependencies = (
				61A1913E2F7921AF0061850D /* PBXTargetDependency */,
			);
			fileSystemSynchronizedGroups = (
				61A1913F2F7921AF0061850D /* AkFitTests */,
			);
			name = AkFitTests;
			packageProductDependencies = (
			);
			productName = AkFitTests;
			productReference = 61A1913C2F7921AF0061850D /* AkFitTests.xctest */;
			productType = "com.apple.product-type.bundle.unit-test";
		};
		61A191452F7921AF0061850D /* AkFitUITests */ = {
			isa = PBXNativeTarget;
			buildConfigurationList = 61A191562F7921AF0061850D /* Build configuration list for PBXNativeTarget "AkFitUITests" */;
			buildPhases = (
				61A191422F7921AF0061850D /* Sources */,
				61A191432F7921AF0061850D /* Frameworks */,
				61A191442F7921AF0061850D /* Resources */,
			);
			buildRules = (
			);
			dependencies = (
				61A191482F7921AF0061850D /* PBXTargetDependency */,
			);
			fileSystemSynchronizedGroups = (
				61A191492F7921AF0061850D /* AkFitUITests */,
			);
			name = AkFitUITests;
			packageProductDependencies = (
			);
			productName = AkFitUITests;
			productReference = 61A191462F7921AF0061850D /* AkFitUITests.xctest */;
			productType = "com.apple.product-type.bundle.ui-testing";
		};
/* End PBXNativeTarget section */

/* Begin PBXProject section */
		61A191272F7921AE0061850D /* Project object */ = {
			isa = PBXProject;
			attributes = {
				BuildIndependentTargetsInParallel = 1;
				LastSwiftUpdateCheck = 2640;
				LastUpgradeCheck = 2640;
				TargetAttributes = {
					61A1912E2F7921AE0061850D = {
						CreatedOnToolsVersion = 26.4;
					};
					61A1913B2F7921AF0061850D = {
						CreatedOnToolsVersion = 26.4;
						TestTargetID = 61A1912E2F7921AE0061850D;
					};
					61A191452F7921AF0061850D = {
						CreatedOnToolsVersion = 26.4;
						TestTargetID = 61A1912E2F7921AE0061850D;
					};
				};
			};
			buildConfigurationList = 61A1912A2F7921AE0061850D /* Build configuration list for PBXProject "AkFit" */;
			developmentRegion = en;
			hasScannedForEncodings = 0;
			knownRegions = (
				en,
				Base,
			);
			mainGroup = 61A191262F7921AE0061850D;
			minimizedProjectReferenceProxies = 1;
			packageReferences = (
				61A191592F7925CF0061850D /* XCRemoteSwiftPackageReference "supabase-swift" */,
			);
			preferredProjectObjectVersion = 77;
			productRefGroup = 61A191302F7921AE0061850D /* Products */;
			projectDirPath = "";
			projectRoot = "";
			targets = (
				61A1912E2F7921AE0061850D /* AkFit */,
				61A1913B2F7921AF0061850D /* AkFitTests */,
				61A191452F7921AF0061850D /* AkFitUITests */,
			);
		};
/* End PBXProject section */

/* Begin PBXResourcesBuildPhase section */
		61A1912D2F7921AE0061850D /* Resources */ = {
			isa = PBXResourcesBuildPhase;
			buildActionMask = 2147483647;
			files = (
			);
			runOnlyForDeploymentPostprocessing = 0;
		};
		61A1913A2F7921AF0061850D /* Resources */ = {
			isa = PBXResourcesBuildPhase;
			buildActionMask = 2147483647;
			files = (
			);
			runOnlyForDeploymentPostprocessing = 0;
		};
		61A191442F7921AF0061850D /* Resources */ = {
			isa = PBXResourcesBuildPhase;
			buildActionMask = 2147483647;
			files = (
			);
			runOnlyForDeploymentPostprocessing = 0;
		};
/* End PBXResourcesBuildPhase section */

/* Begin PBXSourcesBuildPhase section */
		61A1912B2F7921AE0061850D /* Sources */ = {
			isa = PBXSourcesBuildPhase;
			buildActionMask = 2147483647;
			files = (
			);
			runOnlyForDeploymentPostprocessing = 0;
		};
		61A191382F7921AF0061850D /* Sources */ = {
			isa = PBXSourcesBuildPhase;
			buildActionMask = 2147483647;
			files = (
			);
			runOnlyForDeploymentPostprocessing = 0;
		};
		61A191422F7921AF0061850D /* Sources */ = {
			isa = PBXSourcesBuildPhase;
			buildActionMask = 2147483647;
			files = (
			);
			runOnlyForDeploymentPostprocessing = 0;
		};
/* End PBXSourcesBuildPhase section */

/* Begin PBXTargetDependency section */
		61A1913E2F7921AF0061850D /* PBXTargetDependency */ = {
			isa = PBXTargetDependency;
			target = 61A1912E2F7921AE0061850D /* AkFit */;
			targetProxy = 61A1913D2F7921AF0061850D /* PBXContainerItemProxy */;
		};
		61A191482F7921AF0061850D /* PBXTargetDependency */ = {
			isa = PBXTargetDependency;
			target = 61A1912E2F7921AE0061850D /* AkFit */;
			targetProxy = 61A191472F7921AF0061850D /* PBXContainerItemProxy */;
		};
/* End PBXTargetDependency section */

/* Begin XCBuildConfiguration section */
		61A1914E2F7921AF0061850D /* Debug */ = {
			isa = XCBuildConfiguration;
			baseConfigurationReferenceAnchor = 61A191672F792A1E0061850D /* Config */;
			baseConfigurationReferenceRelativePath = Debug.xcconfig;
			buildSettings = {
				ALWAYS_SEARCH_USER_PATHS = NO;
				ASSETCATALOG_COMPILER_GENERATE_SWIFT_ASSET_SYMBOL_EXTENSIONS = YES;
				CLANG_ANALYZER_NONNULL = YES;
				CLANG_ANALYZER_NUMBER_OBJECT_CONVERSION = YES_AGGRESSIVE;
				CLANG_CXX_LANGUAGE_STANDARD = "gnu++20";
				CLANG_ENABLE_MODULES = YES;
				CLANG_ENABLE_OBJC_ARC = YES;
				CLANG_ENABLE_OBJC_WEAK = YES;
				CLANG_WARN_BLOCK_CAPTURE_AUTORELEASING = YES;
				CLANG_WARN_BOOL_CONVERSION = YES;
				CLANG_WARN_COMMA = YES;
				CLANG_WARN_CONSTANT_CONVERSION = YES;
				CLANG_WARN_DEPRECATED_OBJC_IMPLEMENTATIONS = YES;
				CLANG_WARN_DIRECT_OBJC_ISA_USAGE = YES_ERROR;
				CLANG_WARN_DOCUMENTATION_COMMENTS = YES;
				CLANG_WARN_EMPTY_BODY = YES;
				CLANG_WARN_ENUM_CONVERSION = YES;
				CLANG_WARN_INFINITE_RECURSION = YES;
				CLANG_WARN_INT_CONVERSION = YES;
				CLANG_WARN_NON_LITERAL_NULL_CONVERSION = YES;
				CLANG_WARN_OBJC_IMPLICIT_RETAIN_SELF = YES;
				CLANG_WARN_OBJC_LITERAL_CONVERSION = YES;
				CLANG_WARN_OBJC_ROOT_CLASS = YES_ERROR;
				CLANG_WARN_QUOTED_INCLUDE_IN_FRAMEWORK_HEADER = YES;
				CLANG_WARN_RANGE_LOOP_ANALYSIS = YES;
				CLANG_WARN_STRICT_PROTOTYPES = YES;
				CLANG_WARN_SUSPICIOUS_MOVE = YES;
				CLANG_WARN_UNGUARDED_AVAILABILITY = YES_AGGRESSIVE;
				CLANG_WARN_UNREACHABLE_CODE = YES;
				CLANG_WARN__DUPLICATE_METHOD_MATCH = YES;
				COPY_PHASE_STRIP = NO;
				DEBUG_INFORMATION_FORMAT = dwarf;
				ENABLE_STRICT_OBJC_MSGSEND = YES;
				ENABLE_TESTABILITY = YES;
				ENABLE_USER_SCRIPT_SANDBOXING = YES;
				GCC_C_LANGUAGE_STANDARD = gnu17;
				GCC_DYNAMIC_NO_PIC = NO;
				GCC_NO_COMMON_BLOCKS = YES;
				GCC_OPTIMIZATION_LEVEL = 0;
				GCC_PREPROCESSOR_DEFINITIONS = (
					"DEBUG=1",
					"$(inherited)",
				);
				GCC_WARN_64_TO_32_BIT_CONVERSION = YES;
				GCC_WARN_ABOUT_RETURN_TYPE = YES_ERROR;
				GCC_WARN_UNDECLARED_SELECTOR = YES;
				GCC_WARN_UNINITIALIZED_AUTOS = YES_AGGRESSIVE;
				GCC_WARN_UNUSED_FUNCTION = YES;
				GCC_WARN_UNUSED_VARIABLE = YES;
				IPHONEOS_DEPLOYMENT_TARGET = 26.4;
				LOCALIZATION_PREFERS_STRING_CATALOGS = YES;
				MTL_ENABLE_DEBUG_INFO = INCLUDE_SOURCE;
				MTL_FAST_MATH = YES;
				ONLY_ACTIVE_ARCH = YES;
				SDKROOT = iphoneos;
				SWIFT_ACTIVE_COMPILATION_CONDITIONS = "DEBUG $(inherited)";
				SWIFT_OPTIMIZATION_LEVEL = "-Onone";
			};
			name = Debug;
		};
		61A1914F2F7921AF0061850D /* Release */ = {
			isa = XCBuildConfiguration;
			baseConfigurationReferenceAnchor = 61A191672F792A1E0061850D /* Config */;
			baseConfigurationReferenceRelativePath = Release.xcconfig;
			buildSettings = {
				ALWAYS_SEARCH_USER_PATHS = NO;
				ASSETCATALOG_COMPILER_GENERATE_SWIFT_ASSET_SYMBOL_EXTENSIONS = YES;
				CLANG_ANALYZER_NONNULL = YES;
				CLANG_ANALYZER_NUMBER_OBJECT_CONVERSION = YES_AGGRESSIVE;
				CLANG_CXX_LANGUAGE_STANDARD = "gnu++20";
				CLANG_ENABLE_MODULES = YES;
				CLANG_ENABLE_OBJC_ARC = YES;
				CLANG_ENABLE_OBJC_WEAK = YES;
				CLANG_WARN_BLOCK_CAPTURE_AUTORELEASING = YES;
				CLANG_WARN_BOOL_CONVERSION = YES;
				CLANG_WARN_COMMA = YES;
				CLANG_WARN_CONSTANT_CONVERSION = YES;
				CLANG_WARN_DEPRECATED_OBJC_IMPLEMENTATIONS = YES;
				CLANG_WARN_DIRECT_OBJC_ISA_USAGE = YES_ERROR;
				CLANG_WARN_DOCUMENTATION_COMMENTS = YES;
				CLANG_WARN_EMPTY_BODY = YES;
				CLANG_WARN_ENUM_CONVERSION = YES;
				CLANG_WARN_INFINITE_RECURSION = YES;
				CLANG_WARN_INT_CONVERSION = YES;
				CLANG_WARN_NON_LITERAL_NULL_CONVERSION = YES;
				CLANG_WARN_OBJC_IMPLICIT_RETAIN_SELF = YES;
				CLANG_WARN_OBJC_LITERAL_CONVERSION = YES;
				CLANG_WARN_OBJC_ROOT_CLASS = YES_ERROR;
				CLANG_WARN_QUOTED_INCLUDE_IN_FRAMEWORK_HEADER = YES;
				CLANG_WARN_RANGE_LOOP_ANALYSIS = YES;
				CLANG_WARN_STRICT_PROTOTYPES = YES;
				CLANG_WARN_SUSPICIOUS_MOVE = YES;
				CLANG_WARN_UNGUARDED_AVAILABILITY = YES_AGGRESSIVE;
				CLANG_WARN_UNREACHABLE_CODE = YES;
				CLANG_WARN__DUPLICATE_METHOD_MATCH = YES;
				COPY_PHASE_STRIP = NO;
				DEBUG_INFORMATION_FORMAT = "dwarf-with-dsym";
				ENABLE_NS_ASSERTIONS = NO;
				ENABLE_STRICT_OBJC_MSGSEND = YES;
				ENABLE_USER_SCRIPT_SANDBOXING = YES;
				GCC_C_LANGUAGE_STANDARD = gnu17;
				GCC_NO_COMMON_BLOCKS = YES;
				GCC_WARN_64_TO_32_BIT_CONVERSION = YES;
				GCC_WARN_ABOUT_RETURN_TYPE = YES_ERROR;
				GCC_WARN_UNDECLARED_SELECTOR = YES;
				GCC_WARN_UNINITIALIZED_AUTOS = YES_AGGRESSIVE;
				GCC_WARN_UNUSED_FUNCTION = YES;
				GCC_WARN_UNUSED_VARIABLE = YES;
				IPHONEOS_DEPLOYMENT_TARGET = 26.4;
				LOCALIZATION_PREFERS_STRING_CATALOGS = YES;
				MTL_ENABLE_DEBUG_INFO = NO;
				MTL_FAST_MATH = YES;
				SDKROOT = iphoneos;
				SWIFT_COMPILATION_MODE = wholemodule;
				VALIDATE_PRODUCT = YES;
			};
			name = Release;
		};
		61A191512F7921AF0061850D /* Debug */ = {
			isa = XCBuildConfiguration;
			buildSettings = {
				ASSETCATALOG_COMPILER_APPICON_NAME = AppIcon;
				ASSETCATALOG_COMPILER_GLOBAL_ACCENT_COLOR_NAME = AccentColor;
				CODE_SIGN_ENTITLEMENTS = AkFit/AkFit.entitlements;
				CODE_SIGN_STYLE = Automatic;
				CURRENT_PROJECT_VERSION = 1;
				DEVELOPMENT_TEAM = 88C6Z8ZW5P;
				ENABLE_PREVIEWS = YES;
				GENERATE_INFOPLIST_FILE = YES;
				INFOPLIST_FILE = AkFit/Info.plist;
				INFOPLIST_KEY_UIApplicationSceneManifest_Generation = YES;
				INFOPLIST_KEY_UIApplicationSupportsIndirectInputEvents = YES;
				INFOPLIST_KEY_UILaunchScreen_Generation = YES;
				INFOPLIST_KEY_UISupportedInterfaceOrientations_iPad = "UIInterfaceOrientationPortrait UIInterfaceOrientationPortraitUpsideDown UIInterfaceOrientationLandscapeLeft UIInterfaceOrientationLandscapeRight";
				INFOPLIST_KEY_UISupportedInterfaceOrientations_iPhone = "UIInterfaceOrientationPortrait UIInterfaceOrientationLandscapeLeft UIInterfaceOrientationLandscapeRight";
				LD_RUNPATH_SEARCH_PATHS = (
					"$(inherited)",
					"@executable_path/Frameworks",
				);
				MARKETING_VERSION = 1.0;
				PRODUCT_BUNDLE_IDENTIFIER = ai.talktoem.AkFit;
				PRODUCT_NAME = "$(TARGET_NAME)";
				STRING_CATALOG_GENERATE_SYMBOLS = YES;
				SWIFT_APPROACHABLE_CONCURRENCY = YES;
				SWIFT_DEFAULT_ACTOR_ISOLATION = MainActor;
				SWIFT_EMIT_LOC_STRINGS = YES;
				SWIFT_UPCOMING_FEATURE_MEMBER_IMPORT_VISIBILITY = YES;
				SWIFT_VERSION = 5.0;
				TARGETED_DEVICE_FAMILY = "1,2";
			};
			name = Debug;
		};
		61A191522F7921AF0061850D /* Release */ = {
			isa = XCBuildConfiguration;
			buildSettings = {
				ASSETCATALOG_COMPILER_APPICON_NAME = AppIcon;
				ASSETCATALOG_COMPILER_GLOBAL_ACCENT_COLOR_NAME = AccentColor;
				CODE_SIGN_ENTITLEMENTS = AkFit/AkFit.entitlements;
				CODE_SIGN_STYLE = Automatic;
				CURRENT_PROJECT_VERSION = 1;
				DEVELOPMENT_TEAM = 88C6Z8ZW5P;
				ENABLE_PREVIEWS = YES;
				GENERATE_INFOPLIST_FILE = YES;
				INFOPLIST_FILE = AkFit/Info.plist;
				INFOPLIST_KEY_UIApplicationSceneManifest_Generation = YES;
				INFOPLIST_KEY_UIApplicationSupportsIndirectInputEvents = YES;
				INFOPLIST_KEY_UILaunchScreen_Generation = YES;
				INFOPLIST_KEY_UISupportedInterfaceOrientations_iPad = "UIInterfaceOrientationPortrait UIInterfaceOrientationPortraitUpsideDown UIInterfaceOrientationLandscapeLeft UIInterfaceOrientationLandscapeRight";
				INFOPLIST_KEY_UISupportedInterfaceOrientations_iPhone = "UIInterfaceOrientationPortrait UIInterfaceOrientationLandscapeLeft UIInterfaceOrientationLandscapeRight";
				LD_RUNPATH_SEARCH_PATHS = (
					"$(inherited)",
					"@executable_path/Frameworks",
				);
				MARKETING_VERSION = 1.0;
				PRODUCT_BUNDLE_IDENTIFIER = ai.talktoem.AkFit;
				PRODUCT_NAME = "$(TARGET_NAME)";
				STRING_CATALOG_GENERATE_SYMBOLS = YES;
				SWIFT_APPROACHABLE_CONCURRENCY = YES;
				SWIFT_DEFAULT_ACTOR_ISOLATION = MainActor;
				SWIFT_EMIT_LOC_STRINGS = YES;
				SWIFT_UPCOMING_FEATURE_MEMBER_IMPORT_VISIBILITY = YES;
				SWIFT_VERSION = 5.0;
				TARGETED_DEVICE_FAMILY = "1,2";
			};
			name = Release;
		};
		61A191542F7921AF0061850D /* Debug */ = {
			isa = XCBuildConfiguration;
			buildSettings = {
				BUNDLE_LOADER = "$(TEST_HOST)";
				CODE_SIGN_STYLE = Automatic;
				CURRENT_PROJECT_VERSION = 1;
				GENERATE_INFOPLIST_FILE = YES;
				IPHONEOS_DEPLOYMENT_TARGET = 26.4;
				MARKETING_VERSION = 1.0;
				PRODUCT_BUNDLE_IDENTIFIER = ai.talktoem.AkFitTests;
				PRODUCT_NAME = "$(TARGET_NAME)";
				STRING_CATALOG_GENERATE_SYMBOLS = NO;
				SWIFT_APPROACHABLE_CONCURRENCY = YES;
				SWIFT_EMIT_LOC_STRINGS = NO;
				SWIFT_UPCOMING_FEATURE_MEMBER_IMPORT_VISIBILITY = YES;
				SWIFT_VERSION = 5.0;
				TARGETED_DEVICE_FAMILY = "1,2";
				TEST_HOST = "$(BUILT_PRODUCTS_DIR)/AkFit.app/$(BUNDLE_EXECUTABLE_FOLDER_PATH)/AkFit";
			};
			name = Debug;
		};
		61A191552F7921AF0061850D /* Release */ = {
			isa = XCBuildConfiguration;
			buildSettings = {
				BUNDLE_LOADER = "$(TEST_HOST)";
				CODE_SIGN_STYLE = Automatic;
				CURRENT_PROJECT_VERSION = 1;
				GENERATE_INFOPLIST_FILE = YES;
				IPHONEOS_DEPLOYMENT_TARGET = 26.4;
				MARKETING_VERSION = 1.0;
				PRODUCT_BUNDLE_IDENTIFIER = ai.talktoem.AkFitTests;
				PRODUCT_NAME = "$(TARGET_NAME)";
				STRING_CATALOG_GENERATE_SYMBOLS = NO;
				SWIFT_APPROACHABLE_CONCURRENCY = YES;
				SWIFT_EMIT_LOC_STRINGS = NO;
				SWIFT_UPCOMING_FEATURE_MEMBER_IMPORT_VISIBILITY = YES;
				SWIFT_VERSION = 5.0;
				TARGETED_DEVICE_FAMILY = "1,2";
				TEST_HOST = "$(BUILT_PRODUCTS_DIR)/AkFit.app/$(BUNDLE_EXECUTABLE_FOLDER_PATH)/AkFit";
			};
			name = Release;
		};
		61A191572F7921AF0061850D /* Debug */ = {
			isa = XCBuildConfiguration;
			buildSettings = {
				CODE_SIGN_STYLE = Automatic;
				CURRENT_PROJECT_VERSION = 1;
				GENERATE_INFOPLIST_FILE = YES;
				MARKETING_VERSION = 1.0;
				PRODUCT_BUNDLE_IDENTIFIER = ai.talktoem.AkFitUITests;
				PRODUCT_NAME = "$(TARGET_NAME)";
				STRING_CATALOG_GENERATE_SYMBOLS = NO;
				SWIFT_APPROACHABLE_CONCURRENCY = YES;
				SWIFT_EMIT_LOC_STRINGS = NO;
				SWIFT_UPCOMING_FEATURE_MEMBER_IMPORT_VISIBILITY = YES;
				SWIFT_VERSION = 5.0;
				TARGETED_DEVICE_FAMILY = "1,2";
				TEST_TARGET_NAME = AkFit;
			};
			name = Debug;
		};
		61A191582F7921AF0061850D /* Release */ = {
			isa = XCBuildConfiguration;
			buildSettings = {
				CODE_SIGN_STYLE = Automatic;
				CURRENT_PROJECT_VERSION = 1;
				GENERATE_INFOPLIST_FILE = YES;
				MARKETING_VERSION = 1.0;
				PRODUCT_BUNDLE_IDENTIFIER = ai.talktoem.AkFitUITests;
				PRODUCT_NAME = "$(TARGET_NAME)";
				STRING_CATALOG_GENERATE_SYMBOLS = NO;
				SWIFT_APPROACHABLE_CONCURRENCY = YES;
				SWIFT_EMIT_LOC_STRINGS = NO;
				SWIFT_UPCOMING_FEATURE_MEMBER_IMPORT_VISIBILITY = YES;
				SWIFT_VERSION = 5.0;
				TARGETED_DEVICE_FAMILY = "1,2";
				TEST_TARGET_NAME = AkFit;
			};
			name = Release;
		};
/* End XCBuildConfiguration section */

/* Begin XCConfigurationList section */
		61A1912A2F7921AE0061850D /* Build configuration list for PBXProject "AkFit" */ = {
			isa = XCConfigurationList;
			buildConfigurations = (
				61A1914E2F7921AF0061850D /* Debug */,
				61A1914F2F7921AF0061850D /* Release */,
			);
			defaultConfigurationIsVisible = 0;
			defaultConfigurationName = Release;
		};
		61A191502F7921AF0061850D /* Build configuration list for PBXNativeTarget "AkFit" */ = {
			isa = XCConfigurationList;
			buildConfigurations = (
				61A191512F7921AF0061850D /* Debug */,
				61A191522F7921AF0061850D /* Release */,
			);
			defaultConfigurationIsVisible = 0;
			defaultConfigurationName = Release;
		};
		61A191532F7921AF0061850D /* Build configuration list for PBXNativeTarget "AkFitTests" */ = {
			isa = XCConfigurationList;
			buildConfigurations = (
				61A191542F7921AF0061850D /* Debug */,
				61A191552F7921AF0061850D /* Release */,
			);
			defaultConfigurationIsVisible = 0;
			defaultConfigurationName = Release;
		};
		61A191562F7921AF0061850D /* Build configuration list for PBXNativeTarget "AkFitUITests" */ = {
			isa = XCConfigurationList;
			buildConfigurations = (
				61A191572F7921AF0061850D /* Debug */,
				61A191582F7921AF0061850D /* Release */,
			);
			defaultConfigurationIsVisible = 0;
			defaultConfigurationName = Release;
		};
/* End XCConfigurationList section */

/* Begin XCRemoteSwiftPackageReference section */
		61A191592F7925CF0061850D /* XCRemoteSwiftPackageReference "supabase-swift" */ = {
			isa = XCRemoteSwiftPackageReference;
			repositoryURL = "https://github.com/supabase/supabase-swift.git";
			requirement = {
				kind = upToNextMajorVersion;
				minimumVersion = 2.5.1;
			};
		};
/* End XCRemoteSwiftPackageReference section */

/* Begin XCSwiftPackageProductDependency section */
		61A191792F7930450061850D /* Auth */ = {
			isa = XCSwiftPackageProductDependency;
			package = 61A191592F7925CF0061850D /* XCRemoteSwiftPackageReference "supabase-swift" */;
			productName = Auth;
		};
		61A1917B2F7930450061850D /* Functions */ = {
			isa = XCSwiftPackageProductDependency;
			package = 61A191592F7925CF0061850D /* XCRemoteSwiftPackageReference "supabase-swift" */;
			productName = Functions;
		};
		61A1917D2F7930450061850D /* PostgREST */ = {
			isa = XCSwiftPackageProductDependency;
			package = 61A191592F7925CF0061850D /* XCRemoteSwiftPackageReference "supabase-swift" */;
			productName = PostgREST;
		};
		61A1917F2F7930450061850D /* Realtime */ = {
			isa = XCSwiftPackageProductDependency;
			package = 61A191592F7925CF0061850D /* XCRemoteSwiftPackageReference "supabase-swift" */;
			productName = Realtime;
		};
		61A191812F7930450061850D /* Storage */ = {
			isa = XCSwiftPackageProductDependency;
			package = 61A191592F7925CF0061850D /* XCRemoteSwiftPackageReference "supabase-swift" */;
			productName = Storage;
		};
		61A191832F7930450061850D /* Supabase */ = {
			isa = XCSwiftPackageProductDependency;
			package = 61A191592F7925CF0061850D /* XCRemoteSwiftPackageReference "supabase-swift" */;
			productName = Supabase;
		};
/* End XCSwiftPackageProductDependency section */
	};
	rootObject = 61A191272F7921AE0061850D /* Project object */;
}
